
Microsoft Visual Studio Solution File, Format Version 12.00
# Visual Studio Version 16
VisualStudioVersion = 16.0.30711.63
MinimumVisualStudioVersion = 10.0.40219.1
Project("{FAE04EC0-301F-11D3-BF4B-00C04F79EFBC}") = "QuestaoD", "QuestaoD\QuestaoD.csproj", "{4A6C8F94-B247-4EB7-983C-689BF455F7A4}"
EndProject
Global
	GlobalSection(SolutionConfigurationPlatforms) = preSolution
		Debug|Any CPU = Debug|Any CPU
		Release|Any CPU = Release|Any CPU
	EndGlobalSection
	GlobalSection(ProjectConfigurationPlatforms) = postSolution
		{4A6C8F94-B247-4EB7-983C-689BF455F7A4}.Debug|Any CPU.ActiveCfg = Debug|Any CPU
		{4A6C8F94-B247-4EB7-983C-689BF455F7A4}.Debug|Any CPU.Build.0 = Debug|Any CPU
		{4A6C8F94-B247-4EB7-983C-689BF455F7A4}.Release|Any CPU.ActiveCfg = Release|Any CPU
		{4A6C8F94-B247-4EB7-983C-689BF455F7A4}.Release|Any CPU.Build.0 = Release|Any CPU
	EndGlobalSection
	GlobalSection(SolutionProperties) = preSolution
		HideSolutionNode = FALSE
	EndGlobalSection
	GlobalSection(ExtensibilityGlobals) = postSolution
		SolutionGuid = {34CACB85-F447-4D3B-BB11-C8870BC0B91B}
	EndGlobalSection
EndGlobal
