
Microsoft Visual Studio Solution File, Format Version 12.00
# Visual Studio Version 16
VisualStudioVersion = 16.0.30711.63
MinimumVisualStudioVersion = 10.0.40219.1
Project("{FAE04EC0-301F-11D3-BF4B-00C04F79EFBC}") = "QuestaoC", "QuestaoC\QuestaoC.csproj", "{39D9B9EB-AAF4-4238-805C-DB8CA28F09CB}"
EndProject
Global
	GlobalSection(SolutionConfigurationPlatforms) = preSolution
		Debug|Any CPU = Debug|Any CPU
		Release|Any CPU = Release|Any CPU
	EndGlobalSection
	GlobalSection(ProjectConfigurationPlatforms) = postSolution
		{39D9B9EB-AAF4-4238-805C-DB8CA28F09CB}.Debug|Any CPU.ActiveCfg = Debug|Any CPU
		{39D9B9EB-AAF4-4238-805C-DB8CA28F09CB}.Debug|Any CPU.Build.0 = Debug|Any CPU
		{39D9B9EB-AAF4-4238-805C-DB8CA28F09CB}.Release|Any CPU.ActiveCfg = Release|Any CPU
		{39D9B9EB-AAF4-4238-805C-DB8CA28F09CB}.Release|Any CPU.Build.0 = Release|Any CPU
	EndGlobalSection
	GlobalSection(SolutionProperties) = preSolution
		HideSolutionNode = FALSE
	EndGlobalSection
	GlobalSection(ExtensibilityGlobals) = postSolution
		SolutionGuid = {763565AA-ED7F-4B5C-90D9-3FFDDA9AE149}
	EndGlobalSection
EndGlobal
