
Microsoft Visual Studio Solution File, Format Version 12.00
# Visual Studio Version 16
VisualStudioVersion = 16.0.30711.63
MinimumVisualStudioVersion = 10.0.40219.1
Project("{FAE04EC0-301F-11D3-BF4B-00C04F79EFBC}") = "QuestaoB", "QuestaoB\QuestaoB.csproj", "{66A9D813-2727-4A05-8C56-C166B094F852}"
EndProject
Global
	GlobalSection(SolutionConfigurationPlatforms) = preSolution
		Debug|Any CPU = Debug|Any CPU
		Release|Any CPU = Release|Any CPU
	EndGlobalSection
	GlobalSection(ProjectConfigurationPlatforms) = postSolution
		{66A9D813-2727-4A05-8C56-C166B094F852}.Debug|Any CPU.ActiveCfg = Debug|Any CPU
		{66A9D813-2727-4A05-8C56-C166B094F852}.Debug|Any CPU.Build.0 = Debug|Any CPU
		{66A9D813-2727-4A05-8C56-C166B094F852}.Release|Any CPU.ActiveCfg = Release|Any CPU
		{66A9D813-2727-4A05-8C56-C166B094F852}.Release|Any CPU.Build.0 = Release|Any CPU
	EndGlobalSection
	GlobalSection(SolutionProperties) = preSolution
		HideSolutionNode = FALSE
	EndGlobalSection
	GlobalSection(ExtensibilityGlobals) = postSolution
		SolutionGuid = {CEE15201-5579-4C37-8F19-D139165C0467}
	EndGlobalSection
EndGlobal
